
Microsoft Visual Studio Solution File, Format Version 12.00
# Visual Studio Version 17
VisualStudioVersion = 17.4.33213.308
MinimumVisualStudioVersion = 10.0.40219.1
Project("{FAE04EC0-301F-11D3-BF4B-00C04F79EFBC}") = "Ejercicio2", "Ejercicio2\Ejercicio2.csproj", "{0E5FE6F1-6466-46B2-9843-6611E3CE0578}"
EndProject
Global
	GlobalSection(SolutionConfigurationPlatforms) = preSolution
		Debug|Any CPU = Debug|Any CPU
		Release|Any CPU = Release|Any CPU
	EndGlobalSection
	GlobalSection(ProjectConfigurationPlatforms) = postSolution
		{0E5FE6F1-6466-46B2-9843-6611E3CE0578}.Debug|Any CPU.ActiveCfg = Debug|Any CPU
		{0E5FE6F1-6466-46B2-9843-6611E3CE0578}.Debug|Any CPU.Build.0 = Debug|Any CPU
		{0E5FE6F1-6466-46B2-9843-6611E3CE0578}.Release|Any CPU.ActiveCfg = Release|Any CPU
		{0E5FE6F1-6466-46B2-9843-6611E3CE0578}.Release|Any CPU.Build.0 = Release|Any CPU
	EndGlobalSection
	GlobalSection(SolutionProperties) = preSolution
		HideSolutionNode = FALSE
	EndGlobalSection
	GlobalSection(ExtensibilityGlobals) = postSolution
		SolutionGuid = {5672B692-FD0A-4D3F-97D3-881C72503B7A}
	EndGlobalSection
EndGlobal
